// !$*UTF8*$!
{
	archiveVersion = 1;
	classes = {
	};
	objectVersion = 56;
	objects = {

/* Begin PBXBuildFile section */
		A87C7D332ACC538D00366090 /* Onout Watch App.app in Embed Watch Content */ = {isa = PBXBuildFile; fileRef = A87C7D322ACC538D00366090 /* Onout Watch App.app */; settings = {ATTRIBUTES = (RemoveHeadersOnCopy, ); }; };
		A87C7D382ACC538D00366090 /* OnoutApp.swift in Sources */ = {isa = PBXBuildFile; fileRef = A87C7D372ACC538D00366090 /* OnoutApp.swift */; };
		A87C7D3A2ACC538D00366090 /* ContentView.swift in Sources */ = {isa = PBXBuildFile; fileRef = A87C7D392ACC538D00366090 /* ContentView.swift */; };
		A87C7D4A2ACC560C00366090 /* BalanceViewModel.swift in Sources */ = {isa = PBXBuildFile; fileRef = A87C7D492ACC560C00366090 /* BalanceViewModel.swift */; };
		A87C7D4C2ACC574600366090 /* Balance.swift in Sources */ = {isa = PBXBuildFile; fileRef = A87C7D4B2ACC574600366090 /* Balance.swift */; };
		A87C7D642ACC5D3700366090 /* WidgetKit.framework in Frameworks */ = {isa = PBXBuildFile; fileRef = A87C7D632ACC5D3700366090 /* WidgetKit.framework */; };
		A87C7D662ACC5D3700366090 /* SwiftUI.framework in Frameworks */ = {isa = PBXBuildFile; fileRef = A87C7D652ACC5D3700366090 /* SwiftUI.framework */; };
		A87C7D692ACC5D3700366090 /* Widget.swift in Sources */ = {isa = PBXBuildFile; fileRef = A87C7D682ACC5D3700366090 /* Widget.swift */; };
		A87C7D6D2ACC5D3800366090 /* Assets.xcassets in Resources */ = {isa = PBXBuildFile; fileRef = A87C7D6C2ACC5D3800366090 /* Assets.xcassets */; };
		A87C7D712ACC5D3800366090 /* WidgetExtension.appex in Embed Foundation Extensions */ = {isa = PBXBuildFile; fileRef = A87C7D612ACC5D3700366090 /* WidgetExtension.appex */; settings = {ATTRIBUTES = (RemoveHeadersOnCopy, ); }; };
		A87C7D762ACC5D4A00366090 /* BalanceViewModel.swift in Sources */ = {isa = PBXBuildFile; fileRef = A87C7D492ACC560C00366090 /* BalanceViewModel.swift */; };
		A87C7D772ACC5D4A00366090 /* Balance.swift in Sources */ = {isa = PBXBuildFile; fileRef = A87C7D4B2ACC574600366090 /* Balance.swift */; };
		A87C7D7D2ACD42BC00366090 /* Assets.xcassets in Resources */ = {isa = PBXBuildFile; fileRef = A87C7D3B2ACC538E00366090 /* Assets.xcassets */; };
/* End PBXBuildFile section */

/* Begin PBXContainerItemProxy section */
		A87C7D342ACC538D00366090 /* PBXContainerItemProxy */ = {
			isa = PBXContainerItemProxy;
			containerPortal = A87C7D262ACC538D00366090 /* Project object */;
			proxyType = 1;
			remoteGlobalIDString = A87C7D312ACC538D00366090;
			remoteInfo = "Onout Watch App";
		};
		A87C7D6F2ACC5D3800366090 /* PBXContainerItemProxy */ = {
			isa = PBXContainerItemProxy;
			containerPortal = A87C7D262ACC538D00366090 /* Project object */;
			proxyType = 1;
			remoteGlobalIDString = A87C7D602ACC5D3700366090;
			remoteInfo = WidgetExtension;
		};
/* End PBXContainerItemProxy section */

/* Begin PBXCopyFilesBuildPhase section */
		A87C7D452ACC538E00366090 /* Embed Watch Content */ = {
			isa = PBXCopyFilesBuildPhase;
			buildActionMask = 2147483647;
			dstPath = "$(CONTENTS_FOLDER_PATH)/Watch";
			dstSubfolderSpec = 16;
			files = (
				A87C7D332ACC538D00366090 /* Onout Watch App.app in Embed Watch Content */,
			);
			name = "Embed Watch Content";
			runOnlyForDeploymentPostprocessing = 0;
		};
		A87C7D722ACC5D3800366090 /* Embed Foundation Extensions */ = {
			isa = PBXCopyFilesBuildPhase;
			buildActionMask = 2147483647;
			dstPath = "";
			dstSubfolderSpec = 13;
			files = (
				A87C7D712ACC5D3800366090 /* WidgetExtension.appex in Embed Foundation Extensions */,
			);
			name = "Embed Foundation Extensions";
			runOnlyForDeploymentPostprocessing = 0;
		};
/* End PBXCopyFilesBuildPhase section */

/* Begin PBXFileReference section */
		A87C7D2C2ACC538D00366090 /* Onout.app */ = {isa = PBXFileReference; explicitFileType = wrapper.application; includeInIndex = 0; path = Onout.app; sourceTree = BUILT_PRODUCTS_DIR; };
		A87C7D322ACC538D00366090 /* Onout Watch App.app */ = {isa = PBXFileReference; explicitFileType = wrapper.application; includeInIndex = 0; path = "Onout Watch App.app"; sourceTree = BUILT_PRODUCTS_DIR; };
		A87C7D372ACC538D00366090 /* OnoutApp.swift */ = {isa = PBXFileReference; lastKnownFileType = sourcecode.swift; path = OnoutApp.swift; sourceTree = "<group>"; };
		A87C7D392ACC538D00366090 /* ContentView.swift */ = {isa = PBXFileReference; lastKnownFileType = sourcecode.swift; path = ContentView.swift; sourceTree = "<group>"; };
		A87C7D3B2ACC538E00366090 /* Assets.xcassets */ = {isa = PBXFileReference; lastKnownFileType = folder.assetcatalog; path = Assets.xcassets; sourceTree = "<group>"; };
		A87C7D492ACC560C00366090 /* BalanceViewModel.swift */ = {isa = PBXFileReference; lastKnownFileType = sourcecode.swift; path = BalanceViewModel.swift; sourceTree = "<group>"; };
		A87C7D4B2ACC574600366090 /* Balance.swift */ = {isa = PBXFileReference; lastKnownFileType = sourcecode.swift; path = Balance.swift; sourceTree = "<group>"; };
		A87C7D612ACC5D3700366090 /* WidgetExtension.appex */ = {isa = PBXFileReference; explicitFileType = "wrapper.app-extension"; includeInIndex = 0; path = WidgetExtension.appex; sourceTree = BUILT_PRODUCTS_DIR; };
		A87C7D632ACC5D3700366090 /* WidgetKit.framework */ = {isa = PBXFileReference; lastKnownFileType = wrapper.framework; name = WidgetKit.framework; path = System/Library/Frameworks/WidgetKit.framework; sourceTree = SDKROOT; };
		A87C7D652ACC5D3700366090 /* SwiftUI.framework */ = {isa = PBXFileReference; lastKnownFileType = wrapper.framework; name = SwiftUI.framework; path = System/Library/Frameworks/SwiftUI.framework; sourceTree = SDKROOT; };
		A87C7D682ACC5D3700366090 /* Widget.swift */ = {isa = PBXFileReference; lastKnownFileType = sourcecode.swift; path = Widget.swift; sourceTree = "<group>"; };
		A87C7D6C2ACC5D3800366090 /* Assets.xcassets */ = {isa = PBXFileReference; lastKnownFileType = folder.assetcatalog; path = Assets.xcassets; sourceTree = "<group>"; };
		A87C7D6E2ACC5D3800366090 /* Info.plist */ = {isa = PBXFileReference; lastKnownFileType = text.plist.xml; path = Info.plist; sourceTree = "<group>"; };
/* End PBXFileReference section */

/* Begin PBXFrameworksBuildPhase section */
		A87C7D2F2ACC538D00366090 /* Frameworks */ = {
			isa = PBXFrameworksBuildPhase;
			buildActionMask = 2147483647;
			files = (
			);
			runOnlyForDeploymentPostprocessing = 0;
		};
		A87C7D5E2ACC5D3700366090 /* Frameworks */ = {
			isa = PBXFrameworksBuildPhase;
			buildActionMask = 2147483647;
			files = (
				A87C7D662ACC5D3700366090 /* SwiftUI.framework in Frameworks */,
				A87C7D642ACC5D3700366090 /* WidgetKit.framework in Frameworks */,
			);
			runOnlyForDeploymentPostprocessing = 0;
		};
/* End PBXFrameworksBuildPhase section */

/* Begin PBXGroup section */
		A87C7D252ACC538D00366090 = {
			isa = PBXGroup;
			children = (
				A87C7D362ACC538D00366090 /* Onout Watch App */,
				A87C7D672ACC5D3700366090 /* Widget */,
				A87C7D622ACC5D3700366090 /* Frameworks */,
				A87C7D2D2ACC538D00366090 /* Products */,
			);
			sourceTree = "<group>";
		};
		A87C7D2D2ACC538D00366090 /* Products */ = {
			isa = PBXGroup;
			children = (
				A87C7D2C2ACC538D00366090 /* Onout.app */,
				A87C7D322ACC538D00366090 /* Onout Watch App.app */,
				A87C7D612ACC5D3700366090 /* WidgetExtension.appex */,
			);
			name = Products;
			sourceTree = "<group>";
		};
		A87C7D362ACC538D00366090 /* Onout Watch App */ = {
			isa = PBXGroup;
			children = (
				A87C7D372ACC538D00366090 /* OnoutApp.swift */,
				A87C7D392ACC538D00366090 /* ContentView.swift */,
				A87C7D3B2ACC538E00366090 /* Assets.xcassets */,
				A87C7D492ACC560C00366090 /* BalanceViewModel.swift */,
				A87C7D4B2ACC574600366090 /* Balance.swift */,
			);
			path = "Onout Watch App";
			sourceTree = "<group>";
		};
		A87C7D622ACC5D3700366090 /* Frameworks */ = {
			isa = PBXGroup;
			children = (
				A87C7D632ACC5D3700366090 /* WidgetKit.framework */,
				A87C7D652ACC5D3700366090 /* SwiftUI.framework */,
			);
			name = Frameworks;
			sourceTree = "<group>";
		};
		A87C7D672ACC5D3700366090 /* Widget */ = {
			isa = PBXGroup;
			children = (
				A87C7D682ACC5D3700366090 /* Widget.swift */,
				A87C7D6C2ACC5D3800366090 /* Assets.xcassets */,
				A87C7D6E2ACC5D3800366090 /* Info.plist */,
			);
			path = Widget;
			sourceTree = "<group>";
		};
/* End PBXGroup section */

/* Begin PBXNativeTarget section */
		A87C7D2B2ACC538D00366090 /* Onout */ = {
			isa = PBXNativeTarget;
			buildConfigurationList = A87C7D462ACC538E00366090 /* Build configuration list for PBXNativeTarget "Onout" */;
			buildPhases = (
				A87C7D2A2ACC538D00366090 /* Resources */,
				A87C7D452ACC538E00366090 /* Embed Watch Content */,
			);
			buildRules = (
			);
			dependencies = (
				A87C7D352ACC538D00366090 /* PBXTargetDependency */,
			);
			name = Onout;
			productName = Onout;
			productReference = A87C7D2C2ACC538D00366090 /* Onout.app */;
			productType = "com.apple.product-type.application.watchapp2-container";
		};
		A87C7D312ACC538D00366090 /* Onout Watch App */ = {
			isa = PBXNativeTarget;
			buildConfigurationList = A87C7D422ACC538E00366090 /* Build configuration list for PBXNativeTarget "Onout Watch App" */;
			buildPhases = (
				A87C7D2E2ACC538D00366090 /* Sources */,
				A87C7D2F2ACC538D00366090 /* Frameworks */,
				A87C7D302ACC538D00366090 /* Resources */,
				A87C7D722ACC5D3800366090 /* Embed Foundation Extensions */,
			);
			buildRules = (
			);
			dependencies = (
				A87C7D702ACC5D3800366090 /* PBXTargetDependency */,
			);
			name = "Onout Watch App";
			productName = "Onout Watch App";
			productReference = A87C7D322ACC538D00366090 /* Onout Watch App.app */;
			productType = "com.apple.product-type.application";
		};
		A87C7D602ACC5D3700366090 /* WidgetExtension */ = {
			isa = PBXNativeTarget;
			buildConfigurationList = A87C7D752ACC5D3800366090 /* Build configuration list for PBXNativeTarget "WidgetExtension" */;
			buildPhases = (
				A87C7D5D2ACC5D3700366090 /* Sources */,
				A87C7D5E2ACC5D3700366090 /* Frameworks */,
				A87C7D5F2ACC5D3700366090 /* Resources */,
			);
			buildRules = (
			);
			dependencies = (
			);
			name = WidgetExtension;
			productName = WidgetExtension;
			productReference = A87C7D612ACC5D3700366090 /* WidgetExtension.appex */;
			productType = "com.apple.product-type.app-extension";
		};
/* End PBXNativeTarget section */

/* Begin PBXProject section */
		A87C7D262ACC538D00366090 /* Project object */ = {
			isa = PBXProject;
			attributes = {
				BuildIndependentTargetsInParallel = 1;
				LastSwiftUpdateCheck = 1500;
				LastUpgradeCheck = 1500;
				TargetAttributes = {
					A87C7D2B2ACC538D00366090 = {
						CreatedOnToolsVersion = 15.0;
					};
					A87C7D312ACC538D00366090 = {
						CreatedOnToolsVersion = 15.0;
					};
					A87C7D602ACC5D3700366090 = {
						CreatedOnToolsVersion = 15.0;
					};
				};
			};
			buildConfigurationList = A87C7D292ACC538D00366090 /* Build configuration list for PBXProject "Onout" */;
			compatibilityVersion = "Xcode 14.0";
			developmentRegion = en;
			hasScannedForEncodings = 0;
			knownRegions = (
				en,
				Base,
			);
			mainGroup = A87C7D252ACC538D00366090;
			productRefGroup = A87C7D2D2ACC538D00366090 /* Products */;
			projectDirPath = "";
			projectRoot = "";
			targets = (
				A87C7D2B2ACC538D00366090 /* Onout */,
				A87C7D312ACC538D00366090 /* Onout Watch App */,
				A87C7D602ACC5D3700366090 /* WidgetExtension */,
			);
		};
/* End PBXProject section */

/* Begin PBXResourcesBuildPhase section */
		A87C7D2A2ACC538D00366090 /* Resources */ = {
			isa = PBXResourcesBuildPhase;
			buildActionMask = 2147483647;
			files = (
			);
			runOnlyForDeploymentPostprocessing = 0;
		};
		A87C7D302ACC538D00366090 /* Resources */ = {
			isa = PBXResourcesBuildPhase;
			buildActionMask = 2147483647;
			files = (
				A87C7D7D2ACD42BC00366090 /* Assets.xcassets in Resources */,
			);
			runOnlyForDeploymentPostprocessing = 0;
		};
		A87C7D5F2ACC5D3700366090 /* Resources */ = {
			isa = PBXResourcesBuildPhase;
			buildActionMask = 2147483647;
			files = (
				A87C7D6D2ACC5D3800366090 /* Assets.xcassets in Resources */,
			);
			runOnlyForDeploymentPostprocessing = 0;
		};
/* End PBXResourcesBuildPhase section */

/* Begin PBXSourcesBuildPhase section */
		A87C7D2E2ACC538D00366090 /* Sources */ = {
			isa = PBXSourcesBuildPhase;
			buildActionMask = 2147483647;
			files = (
				A87C7D3A2ACC538D00366090 /* ContentView.swift in Sources */,
				A87C7D4A2ACC560C00366090 /* BalanceViewModel.swift in Sources */,
				A87C7D4C2ACC574600366090 /* Balance.swift in Sources */,
				A87C7D382ACC538D00366090 /* OnoutApp.swift in Sources */,
			);
			runOnlyForDeploymentPostprocessing = 0;
		};
		A87C7D5D2ACC5D3700366090 /* Sources */ = {
			isa = PBXSourcesBuildPhase;
			buildActionMask = 2147483647;
			files = (
				A87C7D692ACC5D3700366090 /* Widget.swift in Sources */,
				A87C7D762ACC5D4A00366090 /* BalanceViewModel.swift in Sources */,
				A87C7D772ACC5D4A00366090 /* Balance.swift in Sources */,
			);
			runOnlyForDeploymentPostprocessing = 0;
		};
/* End PBXSourcesBuildPhase section */

/* Begin PBXTargetDependency section */
		A87C7D352ACC538D00366090 /* PBXTargetDependency */ = {
			isa = PBXTargetDependency;
			target = A87C7D312ACC538D00366090 /* Onout Watch App */;
			targetProxy = A87C7D342ACC538D00366090 /* PBXContainerItemProxy */;
		};
		A87C7D702ACC5D3800366090 /* PBXTargetDependency */ = {
			isa = PBXTargetDependency;
			target = A87C7D602ACC5D3700366090 /* WidgetExtension */;
			targetProxy = A87C7D6F2ACC5D3800366090 /* PBXContainerItemProxy */;
		};
/* End PBXTargetDependency section */

/* Begin XCBuildConfiguration section */
		A87C7D402ACC538E00366090 /* Debug */ = {
			isa = XCBuildConfiguration;
			buildSettings = {
				ALWAYS_SEARCH_USER_PATHS = NO;
				ASSETCATALOG_COMPILER_GENERATE_SWIFT_ASSET_SYMBOL_EXTENSIONS = YES;
				CLANG_ANALYZER_NONNULL = YES;
				CLANG_ANALYZER_NUMBER_OBJECT_CONVERSION = YES_AGGRESSIVE;
				CLANG_CXX_LANGUAGE_STANDARD = "gnu++20";
				CLANG_ENABLE_MODULES = YES;
				CLANG_ENABLE_OBJC_ARC = YES;
				CLANG_ENABLE_OBJC_WEAK = YES;
				CLANG_WARN_BLOCK_CAPTURE_AUTORELEASING = YES;
				CLANG_WARN_BOOL_CONVERSION = YES;
				CLANG_WARN_COMMA = YES;
				CLANG_WARN_CONSTANT_CONVERSION = YES;
				CLANG_WARN_DEPRECATED_OBJC_IMPLEMENTATIONS = YES;
				CLANG_WARN_DIRECT_OBJC_ISA_USAGE = YES_ERROR;
				CLANG_WARN_DOCUMENTATION_COMMENTS = YES;
				CLANG_WARN_EMPTY_BODY = YES;
				CLANG_WARN_ENUM_CONVERSION = YES;
				CLANG_WARN_INFINITE_RECURSION = YES;
				CLANG_WARN_INT_CONVERSION = YES;
				CLANG_WARN_NON_LITERAL_NULL_CONVERSION = YES;
				CLANG_WARN_OBJC_IMPLICIT_RETAIN_SELF = YES;
				CLANG_WARN_OBJC_LITERAL_CONVERSION = YES;
				CLANG_WARN_OBJC_ROOT_CLASS = YES_ERROR;
				CLANG_WARN_QUOTED_INCLUDE_IN_FRAMEWORK_HEADER = YES;
				CLANG_WARN_RANGE_LOOP_ANALYSIS = YES;
				CLANG_WARN_STRICT_PROTOTYPES = YES;
				CLANG_WARN_SUSPICIOUS_MOVE = YES;
				CLANG_WARN_UNGUARDED_AVAILABILITY = YES_AGGRESSIVE;
				CLANG_WARN_UNREACHABLE_CODE = YES;
				CLANG_WARN__DUPLICATE_METHOD_MATCH = YES;
				COPY_PHASE_STRIP = NO;
				DEBUG_INFORMATION_FORMAT = dwarf;
				ENABLE_STRICT_OBJC_MSGSEND = YES;
				ENABLE_TESTABILITY = YES;
				ENABLE_USER_SCRIPT_SANDBOXING = YES;
				GCC_C_LANGUAGE_STANDARD = gnu17;
				GCC_DYNAMIC_NO_PIC = NO;
				GCC_NO_COMMON_BLOCKS = YES;
				GCC_OPTIMIZATION_LEVEL = 0;
				GCC_PREPROCESSOR_DEFINITIONS = (
					"DEBUG=1",
					"$(inherited)",
				);
				GCC_WARN_64_TO_32_BIT_CONVERSION = YES;
				GCC_WARN_ABOUT_RETURN_TYPE = YES_ERROR;
				GCC_WARN_UNDECLARED_SELECTOR = YES;
				GCC_WARN_UNINITIALIZED_AUTOS = YES_AGGRESSIVE;
				GCC_WARN_UNUSED_FUNCTION = YES;
				GCC_WARN_UNUSED_VARIABLE = YES;
				LOCALIZATION_PREFERS_STRING_CATALOGS = YES;
				MTL_ENABLE_DEBUG_INFO = INCLUDE_SOURCE;
				MTL_FAST_MATH = YES;
				ONLY_ACTIVE_ARCH = YES;
				SWIFT_ACTIVE_COMPILATION_CONDITIONS = "DEBUG $(inherited)";
				SWIFT_OPTIMIZATION_LEVEL = "-Onone";
			};
			name = Debug;
		};
		A87C7D412ACC538E00366090 /* Release */ = {
			isa = XCBuildConfiguration;
			buildSettings = {
				ALWAYS_SEARCH_USER_PATHS = NO;
				ASSETCATALOG_COMPILER_GENERATE_SWIFT_ASSET_SYMBOL_EXTENSIONS = YES;
				CLANG_ANALYZER_NONNULL = YES;
				CLANG_ANALYZER_NUMBER_OBJECT_CONVERSION = YES_AGGRESSIVE;
				CLANG_CXX_LANGUAGE_STANDARD = "gnu++20";
				CLANG_ENABLE_MODULES = YES;
				CLANG_ENABLE_OBJC_ARC = YES;
				CLANG_ENABLE_OBJC_WEAK = YES;
				CLANG_WARN_BLOCK_CAPTURE_AUTORELEASING = YES;
				CLANG_WARN_BOOL_CONVERSION = YES;
				CLANG_WARN_COMMA = YES;
				CLANG_WARN_CONSTANT_CONVERSION = YES;
				CLANG_WARN_DEPRECATED_OBJC_IMPLEMENTATIONS = YES;
				CLANG_WARN_DIRECT_OBJC_ISA_USAGE = YES_ERROR;
				CLANG_WARN_DOCUMENTATION_COMMENTS = YES;
				CLANG_WARN_EMPTY_BODY = YES;
				CLANG_WARN_ENUM_CONVERSION = YES;
				CLANG_WARN_INFINITE_RECURSION = YES;
				CLANG_WARN_INT_CONVERSION = YES;
				CLANG_WARN_NON_LITERAL_NULL_CONVERSION = YES;
				CLANG_WARN_OBJC_IMPLICIT_RETAIN_SELF = YES;
				CLANG_WARN_OBJC_LITERAL_CONVERSION = YES;
				CLANG_WARN_OBJC_ROOT_CLASS = YES_ERROR;
				CLANG_WARN_QUOTED_INCLUDE_IN_FRAMEWORK_HEADER = YES;
				CLANG_WARN_RANGE_LOOP_ANALYSIS = YES;
				CLANG_WARN_STRICT_PROTOTYPES = YES;
				CLANG_WARN_SUSPICIOUS_MOVE = YES;
				CLANG_WARN_UNGUARDED_AVAILABILITY = YES_AGGRESSIVE;
				CLANG_WARN_UNREACHABLE_CODE = YES;
				CLANG_WARN__DUPLICATE_METHOD_MATCH = YES;
				COPY_PHASE_STRIP = NO;
				DEBUG_INFORMATION_FORMAT = "dwarf-with-dsym";
				ENABLE_NS_ASSERTIONS = NO;
				ENABLE_STRICT_OBJC_MSGSEND = YES;
				ENABLE_USER_SCRIPT_SANDBOXING = YES;
				GCC_C_LANGUAGE_STANDARD = gnu17;
				GCC_NO_COMMON_BLOCKS = YES;
				GCC_WARN_64_TO_32_BIT_CONVERSION = YES;
				GCC_WARN_ABOUT_RETURN_TYPE = YES_ERROR;
				GCC_WARN_UNDECLARED_SELECTOR = YES;
				GCC_WARN_UNINITIALIZED_AUTOS = YES_AGGRESSIVE;
				GCC_WARN_UNUSED_FUNCTION = YES;
				GCC_WARN_UNUSED_VARIABLE = YES;
				LOCALIZATION_PREFERS_STRING_CATALOGS = YES;
				MTL_ENABLE_DEBUG_INFO = NO;
				MTL_FAST_MATH = YES;
				SWIFT_COMPILATION_MODE = wholemodule;
			};
			name = Release;
		};
		A87C7D432ACC538E00366090 /* Debug */ = {
			isa = XCBuildConfiguration;
			buildSettings = {
				ALWAYS_EMBED_SWIFT_STANDARD_LIBRARIES = YES;
				ASSETCATALOG_COMPILER_APPICON_NAME = WatchAppIcon;
				ASSETCATALOG_COMPILER_GLOBAL_ACCENT_COLOR_NAME = AccentColor;
				ASSETCATALOG_COMPILER_INCLUDE_ALL_APPICON_ASSETS = YES;
				CODE_SIGN_STYLE = Automatic;
				CURRENT_PROJECT_VERSION = 1;
				DEVELOPMENT_ASSET_PATHS = "\"Onout Watch App/Preview Content\"";
				DEVELOPMENT_TEAM = 2S6ET84667;
				ENABLE_PREVIEWS = YES;
				GENERATE_INFOPLIST_FILE = YES;
				INFOPLIST_KEY_CFBundleDisplayName = Onout;
				INFOPLIST_KEY_UISupportedInterfaceOrientations = "UIInterfaceOrientationPortrait UIInterfaceOrientationPortraitUpsideDown";
				INFOPLIST_KEY_WKWatchOnly = YES;
				LD_RUNPATH_SEARCH_PATHS = (
					"$(inherited)",
					"@executable_path/Frameworks",
				);
				MARKETING_VERSION = 1.0;
				PRODUCT_BUNDLE_IDENTIFIER = org.onout.balance.Onout.watchkitapp;
				PRODUCT_NAME = "$(TARGET_NAME)";
				SDKROOT = watchos;
				SKIP_INSTALL = YES;
				SWIFT_EMIT_LOC_STRINGS = YES;
				SWIFT_VERSION = 5.0;
				TARGETED_DEVICE_FAMILY = 4;
				WATCHOS_DEPLOYMENT_TARGET = 9.0;
			};
			name = Debug;
		};
		A87C7D442ACC538E00366090 /* Release */ = {
			isa = XCBuildConfiguration;
			buildSettings = {
				ALWAYS_EMBED_SWIFT_STANDARD_LIBRARIES = YES;
				ASSETCATALOG_COMPILER_APPICON_NAME = WatchAppIcon;
				ASSETCATALOG_COMPILER_GLOBAL_ACCENT_COLOR_NAME = AccentColor;
				ASSETCATALOG_COMPILER_INCLUDE_ALL_APPICON_ASSETS = YES;
				CODE_SIGN_STYLE = Automatic;
				CURRENT_PROJECT_VERSION = 1;
				DEVELOPMENT_ASSET_PATHS = "\"Onout Watch App/Preview Content\"";
				DEVELOPMENT_TEAM = 2S6ET84667;
				ENABLE_PREVIEWS = YES;
				GENERATE_INFOPLIST_FILE = YES;
				INFOPLIST_KEY_CFBundleDisplayName = Onout;
				INFOPLIST_KEY_UISupportedInterfaceOrientations = "UIInterfaceOrientationPortrait UIInterfaceOrientationPortraitUpsideDown";
				INFOPLIST_KEY_WKWatchOnly = YES;
				LD_RUNPATH_SEARCH_PATHS = (
					"$(inherited)",
					"@executable_path/Frameworks",
				);
				MARKETING_VERSION = 1.0;
				PRODUCT_BUNDLE_IDENTIFIER = org.onout.balance.Onout.watchkitapp;
				PRODUCT_NAME = "$(TARGET_NAME)";
				SDKROOT = watchos;
				SKIP_INSTALL = YES;
				SWIFT_EMIT_LOC_STRINGS = YES;
				SWIFT_VERSION = 5.0;
				TARGETED_DEVICE_FAMILY = 4;
				VALIDATE_PRODUCT = YES;
				WATCHOS_DEPLOYMENT_TARGET = 9.0;
			};
			name = Release;
		};
		A87C7D472ACC538E00366090 /* Debug */ = {
			isa = XCBuildConfiguration;
			buildSettings = {
				ALWAYS_EMBED_SWIFT_STANDARD_LIBRARIES = YES;
				CODE_SIGN_STYLE = Automatic;
				CURRENT_PROJECT_VERSION = 1;
				DEVELOPMENT_TEAM = 2S6ET84667;
				INFOPLIST_KEY_CFBundleDisplayName = Onout;
				MARKETING_VERSION = 1.0;
				PRODUCT_BUNDLE_IDENTIFIER = org.onout.balance.Onout;
				PRODUCT_NAME = "$(TARGET_NAME)";
				SDKROOT = iphoneos;
				SWIFT_VERSION = 5.0;
			};
			name = Debug;
		};
		A87C7D482ACC538E00366090 /* Release */ = {
			isa = XCBuildConfiguration;
			buildSettings = {
				ALWAYS_EMBED_SWIFT_STANDARD_LIBRARIES = YES;
				CODE_SIGN_STYLE = Automatic;
				CURRENT_PROJECT_VERSION = 1;
				DEVELOPMENT_TEAM = 2S6ET84667;
				INFOPLIST_KEY_CFBundleDisplayName = Onout;
				MARKETING_VERSION = 1.0;
				PRODUCT_BUNDLE_IDENTIFIER = org.onout.balance.Onout;
				PRODUCT_NAME = "$(TARGET_NAME)";
				SDKROOT = iphoneos;
				SWIFT_VERSION = 5.0;
				VALIDATE_PRODUCT = YES;
			};
			name = Release;
		};
		A87C7D732ACC5D3800366090 /* Debug */ = {
			isa = XCBuildConfiguration;
			buildSettings = {
				ASSETCATALOG_COMPILER_GLOBAL_ACCENT_COLOR_NAME = AccentColor;
				ASSETCATALOG_COMPILER_WIDGET_BACKGROUND_COLOR_NAME = WidgetBackground;
				CODE_SIGN_STYLE = Automatic;
				CURRENT_PROJECT_VERSION = 1;
				DEVELOPMENT_TEAM = 2S6ET84667;
				GENERATE_INFOPLIST_FILE = YES;
				INFOPLIST_FILE = Widget/Info.plist;
				INFOPLIST_KEY_CFBundleDisplayName = Widget;
				INFOPLIST_KEY_NSHumanReadableCopyright = "";
				LD_RUNPATH_SEARCH_PATHS = (
					"$(inherited)",
					"@executable_path/Frameworks",
					"@executable_path/../../Frameworks",
					"@executable_path/../../../../Frameworks",
				);
				MARKETING_VERSION = 1.0;
				PRODUCT_BUNDLE_IDENTIFIER = org.onout.balance.Onout.watchkitapp.Widget;
				PRODUCT_NAME = "$(TARGET_NAME)";
				SDKROOT = watchos;
				SKIP_INSTALL = YES;
				SWIFT_EMIT_LOC_STRINGS = YES;
				SWIFT_VERSION = 5.0;
				TARGETED_DEVICE_FAMILY = 4;
				WATCHOS_DEPLOYMENT_TARGET = 9.0;
			};
			name = Debug;
		};
		A87C7D742ACC5D3800366090 /* Release */ = {
			isa = XCBuildConfiguration;
			buildSettings = {
				ASSETCATALOG_COMPILER_GLOBAL_ACCENT_COLOR_NAME = AccentColor;
				ASSETCATALOG_COMPILER_WIDGET_BACKGROUND_COLOR_NAME = WidgetBackground;
				CODE_SIGN_STYLE = Automatic;
				CURRENT_PROJECT_VERSION = 1;
				DEVELOPMENT_TEAM = 2S6ET84667;
				GENERATE_INFOPLIST_FILE = YES;
				INFOPLIST_FILE = Widget/Info.plist;
				INFOPLIST_KEY_CFBundleDisplayName = Widget;
				INFOPLIST_KEY_NSHumanReadableCopyright = "";
				LD_RUNPATH_SEARCH_PATHS = (
					"$(inherited)",
					"@executable_path/Frameworks",
					"@executable_path/../../Frameworks",
					"@executable_path/../../../../Frameworks",
				);
				MARKETING_VERSION = 1.0;
				PRODUCT_BUNDLE_IDENTIFIER = org.onout.balance.Onout.watchkitapp.Widget;
				PRODUCT_NAME = "$(TARGET_NAME)";
				SDKROOT = watchos;
				SKIP_INSTALL = YES;
				SWIFT_EMIT_LOC_STRINGS = YES;
				SWIFT_VERSION = 5.0;
				TARGETED_DEVICE_FAMILY = 4;
				VALIDATE_PRODUCT = YES;
				WATCHOS_DEPLOYMENT_TARGET = 9.0;
			};
			name = Release;
		};
/* End XCBuildConfiguration section */

/* Begin XCConfigurationList section */
		A87C7D292ACC538D00366090 /* Build configuration list for PBXProject "Onout" */ = {
			isa = XCConfigurationList;
			buildConfigurations = (
				A87C7D402ACC538E00366090 /* Debug */,
				A87C7D412ACC538E00366090 /* Release */,
			);
			defaultConfigurationIsVisible = 0;
			defaultConfigurationName = Release;
		};
		A87C7D422ACC538E00366090 /* Build configuration list for PBXNativeTarget "Onout Watch App" */ = {
			isa = XCConfigurationList;
			buildConfigurations = (
				A87C7D432ACC538E00366090 /* Debug */,
				A87C7D442ACC538E00366090 /* Release */,
			);
			defaultConfigurationIsVisible = 0;
			defaultConfigurationName = Release;
		};
		A87C7D462ACC538E00366090 /* Build configuration list for PBXNativeTarget "Onout" */ = {
			isa = XCConfigurationList;
			buildConfigurations = (
				A87C7D472ACC538E00366090 /* Debug */,
				A87C7D482ACC538E00366090 /* Release */,
			);
			defaultConfigurationIsVisible = 0;
			defaultConfigurationName = Release;
		};
		A87C7D752ACC5D3800366090 /* Build configuration list for PBXNativeTarget "WidgetExtension" */ = {
			isa = XCConfigurationList;
			buildConfigurations = (
				A87C7D732ACC5D3800366090 /* Debug */,
				A87C7D742ACC5D3800366090 /* Release */,
			);
			defaultConfigurationIsVisible = 0;
			defaultConfigurationName = Release;
		};
/* End XCConfigurationList section */
	};
	rootObject = A87C7D262ACC538D00366090 /* Project object */;
}
